<?xml version="1.0" encoding="utf-8"?>
<Project ToolsVersion="4.0" xmlns="http://schemas.microsoft.com/developer/msbuild/2003">
  <ItemGroup>
    <Filter Include="소스 파일">
      <UniqueIdentifier>{4FC737F1-C7A5-4376-A066-2A32D752A2FF}</UniqueIdentifier>
      <Extensions>cpp;c;cc;cxx;c++;cppm;ixx;def;odl;idl;hpj;bat;asm;asmx</Extensions>
    </Filter>
    <Filter Include="헤더 파일">
      <UniqueIdentifier>{93995380-89BD-4b04-88EB-625FBE52EBFB}</UniqueIdentifier>
      <Extensions>h;hh;hpp;hxx;h++;hm;inl;inc;ipp;xsd</Extensions>
    </Filter>
    <Filter Include="Util">
      <UniqueIdentifier>{3b2740aa-84f4-44cd-99cf-a56b3ac76dc6}</UniqueIdentifier>
    </Filter>
    <Filter Include="Server">
      <UniqueIdentifier>{1771909e-15ed-4eb5-be54-1d797e9e7d91}</UniqueIdentifier>
    </Filter>
    <Filter Include="Server\GatewayServer">
      <UniqueIdentifier>{6bec4cb3-bf9a-4e67-a75d-544138f4e426}</UniqueIdentifier>
    </Filter>
    <Filter Include="Server\GatewayServer\소스 파일">
      <UniqueIdentifier>{841127cc-3ee3-458e-9b60-0016e2152f03}</UniqueIdentifier>
    </Filter>
    <Filter Include="Server\GatewayServer\헤더 파일">
      <UniqueIdentifier>{bc0d2286-9594-41e7-bb7a-12fd2e2becac}</UniqueIdentifier>
    </Filter>
  </ItemGroup>
  <ItemGroup>
    <ClInclude Include="Buffer.h">
      <Filter>헤더 파일</Filter>
    </ClInclude>
    <ClInclude Include="Pch.h">
      <Filter>Util</Filter>
    </ClInclude>
    <ClInclude Include="IocpCommon.h">
      <Filter>Util</Filter>
    </ClInclude>
    <ClInclude Include="BufferPool.h">
      <Filter>헤더 파일</Filter>
    </ClInclude>
    <ClInclude Include="Session.h">
      <Filter>헤더 파일</Filter>
    </ClInclude>
    <ClInclude Include="IocpServerBase.h">
      <Filter>헤더 파일</Filter>
    </ClInclude>
    <ClInclude Include="SessionPool.h">
      <Filter>헤더 파일</Filter>
    </ClInclude>
    <ClInclude Include="RingBuffer.h">
      <Filter>헤더 파일</Filter>
    </ClInclude>
    <ClInclude Include="RecvRing.h">
      <Filter>헤더 파일</Filter>
    </ClInclude>
    <ClInclude Include="SHA256.h">
      <Filter>Util</Filter>
    </ClInclude>
    <ClInclude Include="GatewayServer.h">
      <Filter>Server\GatewayServer\헤더 파일</Filter>
    </ClInclude>
    <ClInclude Include="GatewayClientSession.h">
      <Filter>Server\GatewayServer\헤더 파일</Filter>
    </ClInclude>
    <ClInclude Include="GatewaySessionManager.h">
      <Filter>Server\GatewayServer\헤더 파일</Filter>
    </ClInclude>
    <ClInclude Include="GatewayClientContext.h">
      <Filter>Server\GatewayServer\헤더 파일</Filter>
    </ClInclude>
    <ClInclude Include="GatewayClientManager.h">
      <Filter>Server\GatewayServer\헤더 파일</Filter>
    </ClInclude>
    <ClInclude Include="GatewayServerConnectionManager.h">
      <Filter>Server\GatewayServer\헤더 파일</Filter>
    </ClInclude>
    <ClInclude Include="GatewayStateValidator.h">
      <Filter>Server\GatewayServer\헤더 파일</Filter>
    </ClInclude>
    <ClInclude Include="IIocpServer.h">
      <Filter>헤더 파일</Filter>
    </ClInclude>
    <ClInclude Include="IDomainHandler.h">
      <Filter>Util</Filter>
    </ClInclude>
    <ClInclude Include="GatewayPacketHandler.h">
      <Filter>Server\GatewayServer\헤더 파일</Filter>
    </ClInclude>
    <ClInclude Include="GatewayServerSession.h">
      <Filter>Server\GatewayServer\헤더 파일</Filter>
    </ClInclude>
    <ClInclude Include="GatewayTokenManager.h">
      <Filter>Server\GatewayServer\헤더 파일</Filter>
    </ClInclude>
    <ClInclude Include="GatewayStateMonitor.h">
      <Filter>Server\GatewayServer\헤더 파일</Filter>
    </ClInclude>
  </ItemGroup>
  <ItemGroup>
    <ClCompile Include="BufferPool.cpp">
      <Filter>소스 파일</Filter>
    </ClCompile>
    <ClCompile Include="IocpCommon.cpp">
      <Filter>Util</Filter>
    </ClCompile>
    <ClCompile Include="Session.cpp">
      <Filter>소스 파일</Filter>
    </ClCompile>
    <ClCompile Include="IocpServerBase.cpp">
      <Filter>소스 파일</Filter>
    </ClCompile>
    <ClCompile Include="RecvRing.cpp">
      <Filter>소스 파일</Filter>
    </ClCompile>
    <ClCompile Include="SHA256.cpp">
      <Filter>Util</Filter>
    </ClCompile>
    <ClCompile Include="GatewayServer.cpp">
      <Filter>Server\GatewayServer\소스 파일</Filter>
    </ClCompile>
    <ClCompile Include="GatewayClientSession.cpp">
      <Filter>Server\GatewayServer\소스 파일</Filter>
    </ClCompile>
    <ClCompile Include="GatewaySessionManager.cpp">
      <Filter>Server\GatewayServer\소스 파일</Filter>
    </ClCompile>
    <ClCompile Include="GatewayClientContext.cpp">
      <Filter>Server\GatewayServer\소스 파일</Filter>
    </ClCompile>
    <ClCompile Include="GatewayClientManager.cpp">
      <Filter>Server\GatewayServer\소스 파일</Filter>
    </ClCompile>
    <ClCompile Include="GatewayServerConnectionManager.cpp">
      <Filter>Server\GatewayServer\소스 파일</Filter>
    </ClCompile>
    <ClCompile Include="GatewayStateValidator.cpp">
      <Filter>Server\GatewayServer\소스 파일</Filter>
    </ClCompile>
    <ClCompile Include="IIocpServer.cpp">
      <Filter>소스 파일</Filter>
    </ClCompile>
    <ClCompile Include="IDomainHandler.cpp">
      <Filter>Util</Filter>
    </ClCompile>
    <ClCompile Include="GatewayPacketHandler.cpp">
      <Filter>Server\GatewayServer\소스 파일</Filter>
    </ClCompile>
    <ClCompile Include="GatewayServerSession.cpp">
      <Filter>Server\GatewayServer\소스 파일</Filter>
    </ClCompile>
    <ClCompile Include="GatewayTokenManager.cpp">
      <Filter>Server\GatewayServer\소스 파일</Filter>
    </ClCompile>
    <ClCompile Include="GatewayStateMonitor.cpp">
      <Filter>Server\GatewayServer\소스 파일</Filter>
    </ClCompile>
  </ItemGroup>
</Project>